
Microsoft Visual Studio Solution File, Format Version 12.00
# Visual Studio 14
VisualStudioVersion = 14.0.25420.1
MinimumVisualStudioVersion = 10.0.40219.1
Project("{2150E333-8FDC-42A3-9474-1A3956D46DE8}") = "Common", "Common", "{D7AC9EEA-2843-4F03-9FB6-C16978340B51}"
EndProject
Project("{2150E333-8FDC-42A3-9474-1A3956D46DE8}") = "DataAccess", "DataAccess", "{2D8B0595-666F-4829-A395-394AE4DDE5F2}"
EndProject
Project("{2150E333-8FDC-42A3-9474-1A3956D46DE8}") = "Model", "Model", "{C37B324E-5FA1-4518-B7C2-905249FC496E}"
EndProject
Project("{2150E333-8FDC-42A3-9474-1A3956D46DE8}") = "Service", "Service", "{D078754F-9A07-44B5-9C74-9DA2446D7F8A}"
EndProject
Project("{2150E333-8FDC-42A3-9474-1A3956D46DE8}") = "Web", "Web", "{17F67DD3-5C17-4B52-8737-D4A10ABF4D60}"
EndProject
Project("{FAE04EC0-301F-11D3-BF4B-00C04F79EFBC}") = "XJTU.DataAccess", "XJTU.DataAccess\XJTU.DataAccess.csproj", "{5E51DA6B-EECA-4CA0-A3F4-745977D0717F}"
EndProject
Project("{FAE04EC0-301F-11D3-BF4B-00C04F79EFBC}") = "XJTU.DataAccess.Contract", "XJTU.DataAccess.Contract\XJTU.DataAccess.Contract.csproj", "{0BB5C6BA-8839-4765-877C-D6DC2B3A0A36}"
EndProject
Project("{FAE04EC0-301F-11D3-BF4B-00C04F79EFBC}") = "XJTU.Model", "XJTU.Model\XJTU.Model.csproj", "{2F8EF283-B63C-4315-9DA1-34C50A8CEE87}"
EndProject
Project("{FAE04EC0-301F-11D3-BF4B-00C04F79EFBC}") = "XJTU.Service", "XJTU.Service\XJTU.Service.csproj", "{73011A0D-0F23-455C-A8F2-4584117AECE7}"
EndProject
Project("{FAE04EC0-301F-11D3-BF4B-00C04F79EFBC}") = "XJTU.Service.Contract", "XJTU.Service.Contract\XJTU.Service.Contract.csproj", "{E82350EB-3AF5-47B5-AD9B-332F0F44A283}"
EndProject
Project("{FAE04EC0-301F-11D3-BF4B-00C04F79EFBC}") = "XJTU.Web", "XJTU.Web\XJTU.Web.csproj", "{C5B24023-4C87-476E-902F-B880CCD3543B}"
EndProject
Project("{FAE04EC0-301F-11D3-BF4B-00C04F79EFBC}") = "XJTU.Web.Mvc", "XJTU.Web.Mvc\XJTU.Web.Mvc.csproj", "{8716A14A-DEBA-4A85-9D90-CC998DC3BF01}"
EndProject
Global
	GlobalSection(SolutionConfigurationPlatforms) = preSolution
		Debug|Any CPU = Debug|Any CPU
		Release|Any CPU = Release|Any CPU
	EndGlobalSection
	GlobalSection(ProjectConfigurationPlatforms) = postSolution
		{5E51DA6B-EECA-4CA0-A3F4-745977D0717F}.Debug|Any CPU.ActiveCfg = Debug|Any CPU
		{5E51DA6B-EECA-4CA0-A3F4-745977D0717F}.Debug|Any CPU.Build.0 = Debug|Any CPU
		{5E51DA6B-EECA-4CA0-A3F4-745977D0717F}.Release|Any CPU.ActiveCfg = Release|Any CPU
		{5E51DA6B-EECA-4CA0-A3F4-745977D0717F}.Release|Any CPU.Build.0 = Release|Any CPU
		{0BB5C6BA-8839-4765-877C-D6DC2B3A0A36}.Debug|Any CPU.ActiveCfg = Debug|Any CPU
		{0BB5C6BA-8839-4765-877C-D6DC2B3A0A36}.Debug|Any CPU.Build.0 = Debug|Any CPU
		{0BB5C6BA-8839-4765-877C-D6DC2B3A0A36}.Release|Any CPU.ActiveCfg = Release|Any CPU
		{0BB5C6BA-8839-4765-877C-D6DC2B3A0A36}.Release|Any CPU.Build.0 = Release|Any CPU
		{2F8EF283-B63C-4315-9DA1-34C50A8CEE87}.Debug|Any CPU.ActiveCfg = Debug|Any CPU
		{2F8EF283-B63C-4315-9DA1-34C50A8CEE87}.Debug|Any CPU.Build.0 = Debug|Any CPU
		{2F8EF283-B63C-4315-9DA1-34C50A8CEE87}.Release|Any CPU.ActiveCfg = Release|Any CPU
		{2F8EF283-B63C-4315-9DA1-34C50A8CEE87}.Release|Any CPU.Build.0 = Release|Any CPU
		{73011A0D-0F23-455C-A8F2-4584117AECE7}.Debug|Any CPU.ActiveCfg = Debug|Any CPU
		{73011A0D-0F23-455C-A8F2-4584117AECE7}.Debug|Any CPU.Build.0 = Debug|Any CPU
		{73011A0D-0F23-455C-A8F2-4584117AECE7}.Release|Any CPU.ActiveCfg = Release|Any CPU
		{73011A0D-0F23-455C-A8F2-4584117AECE7}.Release|Any CPU.Build.0 = Release|Any CPU
		{E82350EB-3AF5-47B5-AD9B-332F0F44A283}.Debug|Any CPU.ActiveCfg = Debug|Any CPU
		{E82350EB-3AF5-47B5-AD9B-332F0F44A283}.Debug|Any CPU.Build.0 = Debug|Any CPU
		{E82350EB-3AF5-47B5-AD9B-332F0F44A283}.Release|Any CPU.ActiveCfg = Release|Any CPU
		{E82350EB-3AF5-47B5-AD9B-332F0F44A283}.Release|Any CPU.Build.0 = Release|Any CPU
		{C5B24023-4C87-476E-902F-B880CCD3543B}.Debug|Any CPU.ActiveCfg = Debug|Any CPU
		{C5B24023-4C87-476E-902F-B880CCD3543B}.Debug|Any CPU.Build.0 = Debug|Any CPU
		{C5B24023-4C87-476E-902F-B880CCD3543B}.Release|Any CPU.ActiveCfg = Release|Any CPU
		{C5B24023-4C87-476E-902F-B880CCD3543B}.Release|Any CPU.Build.0 = Release|Any CPU
		{8716A14A-DEBA-4A85-9D90-CC998DC3BF01}.Debug|Any CPU.ActiveCfg = Debug|Any CPU
		{8716A14A-DEBA-4A85-9D90-CC998DC3BF01}.Debug|Any CPU.Build.0 = Debug|Any CPU
		{8716A14A-DEBA-4A85-9D90-CC998DC3BF01}.Release|Any CPU.ActiveCfg = Release|Any CPU
		{8716A14A-DEBA-4A85-9D90-CC998DC3BF01}.Release|Any CPU.Build.0 = Release|Any CPU
	EndGlobalSection
	GlobalSection(SolutionProperties) = preSolution
		HideSolutionNode = FALSE
	EndGlobalSection
	GlobalSection(NestedProjects) = preSolution
		{5E51DA6B-EECA-4CA0-A3F4-745977D0717F} = {2D8B0595-666F-4829-A395-394AE4DDE5F2}
		{0BB5C6BA-8839-4765-877C-D6DC2B3A0A36} = {2D8B0595-666F-4829-A395-394AE4DDE5F2}
		{2F8EF283-B63C-4315-9DA1-34C50A8CEE87} = {C37B324E-5FA1-4518-B7C2-905249FC496E}
		{73011A0D-0F23-455C-A8F2-4584117AECE7} = {D078754F-9A07-44B5-9C74-9DA2446D7F8A}
		{E82350EB-3AF5-47B5-AD9B-332F0F44A283} = {D078754F-9A07-44B5-9C74-9DA2446D7F8A}
		{C5B24023-4C87-476E-902F-B880CCD3543B} = {17F67DD3-5C17-4B52-8737-D4A10ABF4D60}
		{8716A14A-DEBA-4A85-9D90-CC998DC3BF01} = {17F67DD3-5C17-4B52-8737-D4A10ABF4D60}
	EndGlobalSection
EndGlobal
